// !$*UTF8*$!
{
	archiveVersion = 1;
	classes = {
	};
	objectVersion = 77;
	objects = {

/* Begin PBXBuildFile section */
		0BC826B564D879C2B124B14F /* SadhyaScannerApp.swift in Sources */ = {isa = PBXBuildFile; fileRef = E0CE2B9EF155D5CB00C16A7E /* SadhyaScannerApp.swift */; };
		3223EE87B7C009FEB6D5FADC /* ScanView.swift in Sources */ = {isa = PBXBuildFile; fileRef = 80C30E3891458BDC19F5B6E6 /* ScanView.swift */; };
		3DFB2D3A748076F12C34C336 /* Assets.xcassets in Resources */ = {isa = PBXBuildFile; fileRef = D6887C1243871800EDB753DB /* Assets.xcassets */; };
		40DECD748DFB2CAB523E5846 /* Backend.swift in Sources */ = {isa = PBXBuildFile; fileRef = 932E5AC89E23D3A26698BF6F /* Backend.swift */; };
		5451A7D7F1F22545A6976284 /* CameraController.swift in Sources */ = {isa = PBXBuildFile; fileRef = 0D5CADF8F4530427E5D574B2 /* CameraController.swift */; };
		5C940FB45A795DEAE2CDBC40 /* SearchSheet.swift in Sources */ = {isa = PBXBuildFile; fileRef = D260F9F72F9624C86C943DF5 /* SearchSheet.swift */; };
		5F6FDC511E61BDAAB3DDE008 /* ScanFlow.swift in Sources */ = {isa = PBXBuildFile; fileRef = 8C4B2A57EC76D1D81309D89E /* ScanFlow.swift */; };
		7E3A6D62933151E392BECB2A /* Models.swift in Sources */ = {isa = PBXBuildFile; fileRef = 5DBA090A802F9126EB15B420 /* Models.swift */; };
		8481ED5E30F507B1902CD150 /* Panels.swift in Sources */ = {isa = PBXBuildFile; fileRef = A4C27EC754F60066A351AB86 /* Panels.swift */; };
		9178A2FCC798BBE561679581 /* Chime.swift in Sources */ = {isa = PBXBuildFile; fileRef = 71711B87FA46932749D3FDBB /* Chime.swift */; };
		9369BDC0B21D3E5FB689E849 /* Results.swift in Sources */ = {isa = PBXBuildFile; fileRef = BD19DFEE96A803DC9DED4035 /* Results.swift */; };
		A64367718BDF17F71A48D1A8 /* Theme.swift in Sources */ = {isa = PBXBuildFile; fileRef = 6246EB63E7F52D4A420BD2BC /* Theme.swift */; };
		C3549A2D513E95A078D557C1 /* CameraSurface.swift in Sources */ = {isa = PBXBuildFile; fileRef = B69BE0D513FFB744EF82ADAD /* CameraSurface.swift */; };
		ED943469C96C77F82CE7DBE0 /* SignInView.swift in Sources */ = {isa = PBXBuildFile; fileRef = 4B79C4FE04A3CBE00ADB77C7 /* SignInView.swift */; };
/* End PBXBuildFile section */

/* Begin PBXFileReference section */
		0D5CADF8F4530427E5D574B2 /* CameraController.swift */ = {isa = PBXFileReference; lastKnownFileType = sourcecode.swift; path = CameraController.swift; sourceTree = "<group>"; };
		4B79C4FE04A3CBE00ADB77C7 /* SignInView.swift */ = {isa = PBXFileReference; lastKnownFileType = sourcecode.swift; path = SignInView.swift; sourceTree = "<group>"; };
		5DBA090A802F9126EB15B420 /* Models.swift */ = {isa = PBXFileReference; lastKnownFileType = sourcecode.swift; path = Models.swift; sourceTree = "<group>"; };
		6246EB63E7F52D4A420BD2BC /* Theme.swift */ = {isa = PBXFileReference; lastKnownFileType = sourcecode.swift; path = Theme.swift; sourceTree = "<group>"; };
		71711B87FA46932749D3FDBB /* Chime.swift */ = {isa = PBXFileReference; lastKnownFileType = sourcecode.swift; path = Chime.swift; sourceTree = "<group>"; };
		80C30E3891458BDC19F5B6E6 /* ScanView.swift */ = {isa = PBXFileReference; lastKnownFileType = sourcecode.swift; path = ScanView.swift; sourceTree = "<group>"; };
		8C4B2A57EC76D1D81309D89E /* ScanFlow.swift */ = {isa = PBXFileReference; lastKnownFileType = sourcecode.swift; path = ScanFlow.swift; sourceTree = "<group>"; };
		932E5AC89E23D3A26698BF6F /* Backend.swift */ = {isa = PBXFileReference; lastKnownFileType = sourcecode.swift; path = Backend.swift; sourceTree = "<group>"; };
		A4C27EC754F60066A351AB86 /* Panels.swift */ = {isa = PBXFileReference; lastKnownFileType = sourcecode.swift; path = Panels.swift; sourceTree = "<group>"; };
		B69BE0D513FFB744EF82ADAD /* CameraSurface.swift */ = {isa = PBXFileReference; lastKnownFileType = sourcecode.swift; path = CameraSurface.swift; sourceTree = "<group>"; };
		BD19DFEE96A803DC9DED4035 /* Results.swift */ = {isa = PBXFileReference; lastKnownFileType = sourcecode.swift; path = Results.swift; sourceTree = "<group>"; };
		CE593261B3B4E32DECE7EF17 /* Info.plist */ = {isa = PBXFileReference; lastKnownFileType = text.plist; path = Info.plist; sourceTree = "<group>"; };
		CF75111A2B6A59C0E399DA56 /* Sadhya Scanner.app */ = {isa = PBXFileReference; explicitFileType = wrapper.application; includeInIndex = 0; path = "Sadhya Scanner.app"; sourceTree = BUILT_PRODUCTS_DIR; };
		D260F9F72F9624C86C943DF5 /* SearchSheet.swift */ = {isa = PBXFileReference; lastKnownFileType = sourcecode.swift; path = SearchSheet.swift; sourceTree = "<group>"; };
		D6887C1243871800EDB753DB /* Assets.xcassets */ = {isa = PBXFileReference; lastKnownFileType = folder.assetcatalog; path = Assets.xcassets; sourceTree = "<group>"; };
		E0CE2B9EF155D5CB00C16A7E /* SadhyaScannerApp.swift */ = {isa = PBXFileReference; lastKnownFileType = sourcecode.swift; path = SadhyaScannerApp.swift; sourceTree = "<group>"; };
/* End PBXFileReference section */

/* Begin PBXGroup section */
		037DE4C7CC4853629FA3A205 /* Views */ = {
			isa = PBXGroup;
			children = (
				A4C27EC754F60066A351AB86 /* Panels.swift */,
				BD19DFEE96A803DC9DED4035 /* Results.swift */,
				80C30E3891458BDC19F5B6E6 /* ScanView.swift */,
				D260F9F72F9624C86C943DF5 /* SearchSheet.swift */,
				4B79C4FE04A3CBE00ADB77C7 /* SignInView.swift */,
			);
			path = Views;
			sourceTree = "<group>";
		};
		172A1E772170007DA5993E61 /* Products */ = {
			isa = PBXGroup;
			children = (
				CF75111A2B6A59C0E399DA56 /* Sadhya Scanner.app */,
			);
			name = Products;
			sourceTree = "<group>";
		};
		2B4A4ECF2C730406F7C7E77A /* Core */ = {
			isa = PBXGroup;
			children = (
				932E5AC89E23D3A26698BF6F /* Backend.swift */,
				71711B87FA46932749D3FDBB /* Chime.swift */,
				5DBA090A802F9126EB15B420 /* Models.swift */,
				8C4B2A57EC76D1D81309D89E /* ScanFlow.swift */,
				6246EB63E7F52D4A420BD2BC /* Theme.swift */,
			);
			path = Core;
			sourceTree = "<group>";
		};
		347AF1419ABE93EB6358F8A6 /* SadhyaScanner */ = {
			isa = PBXGroup;
			children = (
				EF6E1367045B63DB17E9F5C6 /* App */,
				47EBF6CC68D18595E21C0B75 /* Camera */,
				2B4A4ECF2C730406F7C7E77A /* Core */,
				037DE4C7CC4853629FA3A205 /* Views */,
				D6887C1243871800EDB753DB /* Assets.xcassets */,
				CE593261B3B4E32DECE7EF17 /* Info.plist */,
			);
			path = SadhyaScanner;
			sourceTree = "<group>";
		};
		47EBF6CC68D18595E21C0B75 /* Camera */ = {
			isa = PBXGroup;
			children = (
				0D5CADF8F4530427E5D574B2 /* CameraController.swift */,
				B69BE0D513FFB744EF82ADAD /* CameraSurface.swift */,
			);
			path = Camera;
			sourceTree = "<group>";
		};
		A69182CCFE5C2E90BC4537AE = {
			isa = PBXGroup;
			children = (
				347AF1419ABE93EB6358F8A6 /* SadhyaScanner */,
				172A1E772170007DA5993E61 /* Products */,
			);
			sourceTree = "<group>";
		};
		EF6E1367045B63DB17E9F5C6 /* App */ = {
			isa = PBXGroup;
			children = (
				E0CE2B9EF155D5CB00C16A7E /* SadhyaScannerApp.swift */,
			);
			path = App;
			sourceTree = "<group>";
		};
/* End PBXGroup section */

/* Begin PBXNativeTarget section */
		191F64202653E16914815B36 /* SadhyaScanner */ = {
			isa = PBXNativeTarget;
			buildConfigurationList = 29ABE9A9FE8D5EFE1C1D8CF3 /* Build configuration list for PBXNativeTarget "SadhyaScanner" */;
			buildPhases = (
				C7D91ECABE6009B0CBB6054E /* Sources */,
				DDCD18D4699ED647FC08A0AE /* Resources */,
			);
			buildRules = (
			);
			dependencies = (
			);
			name = SadhyaScanner;
			packageProductDependencies = (
			);
			productName = SadhyaScanner;
			productReference = CF75111A2B6A59C0E399DA56 /* Sadhya Scanner.app */;
			productType = "com.apple.product-type.application";
		};
/* End PBXNativeTarget section */

/* Begin PBXProject section */
		825D27AC7B80A7BA348B06DD /* Project object */ = {
			isa = PBXProject;
			attributes = {
				BuildIndependentTargetsInParallel = YES;
				LastUpgradeCheck = 1430;
				TargetAttributes = {
					191F64202653E16914815B36 = {
						ProvisioningStyle = Automatic;
					};
				};
			};
			buildConfigurationList = BB276ADCCB19BC390A23D349 /* Build configuration list for PBXProject "SadhyaScanner" */;
			developmentRegion = en;
			hasScannedForEncodings = 0;
			knownRegions = (
				Base,
				en,
			);
			mainGroup = A69182CCFE5C2E90BC4537AE;
			minimizedProjectReferenceProxies = 1;
			preferredProjectObjectVersion = 77;
			productRefGroup = 172A1E772170007DA5993E61 /* Products */;
			projectDirPath = "";
			projectRoot = "";
			targets = (
				191F64202653E16914815B36 /* SadhyaScanner */,
			);
		};
/* End PBXProject section */

/* Begin PBXResourcesBuildPhase section */
		DDCD18D4699ED647FC08A0AE /* Resources */ = {
			isa = PBXResourcesBuildPhase;
			buildActionMask = 2147483647;
			files = (
				3DFB2D3A748076F12C34C336 /* Assets.xcassets in Resources */,
			);
			runOnlyForDeploymentPostprocessing = 0;
		};
/* End PBXResourcesBuildPhase section */

/* Begin PBXSourcesBuildPhase section */
		C7D91ECABE6009B0CBB6054E /* Sources */ = {
			isa = PBXSourcesBuildPhase;
			buildActionMask = 2147483647;
			files = (
				40DECD748DFB2CAB523E5846 /* Backend.swift in Sources */,
				5451A7D7F1F22545A6976284 /* CameraController.swift in Sources */,
				C3549A2D513E95A078D557C1 /* CameraSurface.swift in Sources */,
				9178A2FCC798BBE561679581 /* Chime.swift in Sources */,
				7E3A6D62933151E392BECB2A /* Models.swift in Sources */,
				8481ED5E30F507B1902CD150 /* Panels.swift in Sources */,
				9369BDC0B21D3E5FB689E849 /* Results.swift in Sources */,
				0BC826B564D879C2B124B14F /* SadhyaScannerApp.swift in Sources */,
				5F6FDC511E61BDAAB3DDE008 /* ScanFlow.swift in Sources */,
				3223EE87B7C009FEB6D5FADC /* ScanView.swift in Sources */,
				5C940FB45A795DEAE2CDBC40 /* SearchSheet.swift in Sources */,
				ED943469C96C77F82CE7DBE0 /* SignInView.swift in Sources */,
				A64367718BDF17F71A48D1A8 /* Theme.swift in Sources */,
			);
			runOnlyForDeploymentPostprocessing = 0;
		};
/* End PBXSourcesBuildPhase section */

/* Begin XCBuildConfiguration section */
		3597146618C900FBE67E8CF4 /* Debug */ = {
			isa = XCBuildConfiguration;
			buildSettings = {
				ALWAYS_SEARCH_USER_PATHS = NO;
				CLANG_ANALYZER_NONNULL = YES;
				CLANG_ANALYZER_NUMBER_OBJECT_CONVERSION = YES_AGGRESSIVE;
				CLANG_CXX_LANGUAGE_STANDARD = "gnu++14";
				CLANG_CXX_LIBRARY = "libc++";
				CLANG_ENABLE_MODULES = YES;
				CLANG_ENABLE_OBJC_ARC = YES;
				CLANG_ENABLE_OBJC_WEAK = YES;
				CLANG_WARN_BLOCK_CAPTURE_AUTORELEASING = YES;
				CLANG_WARN_BOOL_CONVERSION = YES;
				CLANG_WARN_COMMA = YES;
				CLANG_WARN_CONSTANT_CONVERSION = YES;
				CLANG_WARN_DEPRECATED_OBJC_IMPLEMENTATIONS = YES;
				CLANG_WARN_DIRECT_OBJC_ISA_USAGE = YES_ERROR;
				CLANG_WARN_DOCUMENTATION_COMMENTS = YES;
				CLANG_WARN_EMPTY_BODY = YES;
				CLANG_WARN_ENUM_CONVERSION = YES;
				CLANG_WARN_INFINITE_RECURSION = YES;
				CLANG_WARN_INT_CONVERSION = YES;
				CLANG_WARN_NON_LITERAL_NULL_CONVERSION = YES;
				CLANG_WARN_OBJC_IMPLICIT_RETAIN_SELF = YES;
				CLANG_WARN_OBJC_LITERAL_CONVERSION = YES;
				CLANG_WARN_OBJC_ROOT_CLASS = YES_ERROR;
				CLANG_WARN_QUOTED_INCLUDE_IN_FRAMEWORK_HEADER = YES;
				CLANG_WARN_RANGE_LOOP_ANALYSIS = YES;
				CLANG_WARN_STRICT_PROTOTYPES = YES;
				CLANG_WARN_SUSPICIOUS_MOVE = YES;
				CLANG_WARN_UNGUARDED_AVAILABILITY = YES_AGGRESSIVE;
				CLANG_WARN_UNREACHABLE_CODE = YES;
				CLANG_WARN__DUPLICATE_METHOD_MATCH = YES;
				CODE_SIGN_STYLE = Automatic;
				COPY_PHASE_STRIP = NO;
				DEBUG_INFORMATION_FORMAT = dwarf;
				ENABLE_STRICT_OBJC_MSGSEND = YES;
				ENABLE_TESTABILITY = YES;
				ENABLE_USER_SCRIPT_SANDBOXING = YES;
				GCC_C_LANGUAGE_STANDARD = gnu11;
				GCC_DYNAMIC_NO_PIC = NO;
				GCC_NO_COMMON_BLOCKS = YES;
				GCC_OPTIMIZATION_LEVEL = 0;
				GCC_PREPROCESSOR_DEFINITIONS = (
					"$(inherited)",
					"DEBUG=1",
				);
				GCC_WARN_64_TO_32_BIT_CONVERSION = YES;
				GCC_WARN_ABOUT_RETURN_TYPE = YES_ERROR;
				GCC_WARN_UNDECLARED_SELECTOR = YES;
				GCC_WARN_UNINITIALIZED_AUTOS = YES_AGGRESSIVE;
				GCC_WARN_UNUSED_FUNCTION = YES;
				GCC_WARN_UNUSED_VARIABLE = YES;
				IPHONEOS_DEPLOYMENT_TARGET = 17.0;
				MTL_ENABLE_DEBUG_INFO = INCLUDE_SOURCE;
				MTL_FAST_MATH = YES;
				ONLY_ACTIVE_ARCH = YES;
				PRODUCT_NAME = "$(TARGET_NAME)";
				SDKROOT = iphoneos;
				SWIFT_ACTIVE_COMPILATION_CONDITIONS = DEBUG;
				SWIFT_OPTIMIZATION_LEVEL = "-Onone";
				SWIFT_STRICT_CONCURRENCY = minimal;
				SWIFT_VERSION = 5.0;
			};
			name = Debug;
		};
		78130B782B0CAF30D3E25D42 /* Debug */ = {
			isa = XCBuildConfiguration;
			buildSettings = {
				ASSETCATALOG_COMPILER_APPICON_NAME = AppIcon;
				CODE_SIGN_IDENTITY = "iPhone Developer";
				CURRENT_PROJECT_VERSION = 1;
				DEVELOPMENT_TEAM = 3D8X943476;
				INFOPLIST_FILE = SadhyaScanner/Info.plist;
				INFOPLIST_KEY_UIUserInterfaceStyle = Dark;
				LD_RUNPATH_SEARCH_PATHS = (
					"$(inherited)",
					"@executable_path/Frameworks",
				);
				MARKETING_VERSION = 1.0;
				PRODUCT_BUNDLE_IDENTIFIER = com.scvsarigama.sadhyascanner;
				PRODUCT_NAME = "Sadhya Scanner";
				SDKROOT = iphoneos;
				TARGETED_DEVICE_FAMILY = 2;
			};
			name = Debug;
		};
		D3FB027F09B6761FC406DD2B /* Release */ = {
			isa = XCBuildConfiguration;
			buildSettings = {
				ALWAYS_SEARCH_USER_PATHS = NO;
				CLANG_ANALYZER_NONNULL = YES;
				CLANG_ANALYZER_NUMBER_OBJECT_CONVERSION = YES_AGGRESSIVE;
				CLANG_CXX_LANGUAGE_STANDARD = "gnu++14";
				CLANG_CXX_LIBRARY = "libc++";
				CLANG_ENABLE_MODULES = YES;
				CLANG_ENABLE_OBJC_ARC = YES;
				CLANG_ENABLE_OBJC_WEAK = YES;
				CLANG_WARN_BLOCK_CAPTURE_AUTORELEASING = YES;
				CLANG_WARN_BOOL_CONVERSION = YES;
				CLANG_WARN_COMMA = YES;
				CLANG_WARN_CONSTANT_CONVERSION = YES;
				CLANG_WARN_DEPRECATED_OBJC_IMPLEMENTATIONS = YES;
				CLANG_WARN_DIRECT_OBJC_ISA_USAGE = YES_ERROR;
				CLANG_WARN_DOCUMENTATION_COMMENTS = YES;
				CLANG_WARN_EMPTY_BODY = YES;
				CLANG_WARN_ENUM_CONVERSION = YES;
				CLANG_WARN_INFINITE_RECURSION = YES;
				CLANG_WARN_INT_CONVERSION = YES;
				CLANG_WARN_NON_LITERAL_NULL_CONVERSION = YES;
				CLANG_WARN_OBJC_IMPLICIT_RETAIN_SELF = YES;
				CLANG_WARN_OBJC_LITERAL_CONVERSION = YES;
				CLANG_WARN_OBJC_ROOT_CLASS = YES_ERROR;
				CLANG_WARN_QUOTED_INCLUDE_IN_FRAMEWORK_HEADER = YES;
				CLANG_WARN_RANGE_LOOP_ANALYSIS = YES;
				CLANG_WARN_STRICT_PROTOTYPES = YES;
				CLANG_WARN_SUSPICIOUS_MOVE = YES;
				CLANG_WARN_UNGUARDED_AVAILABILITY = YES_AGGRESSIVE;
				CLANG_WARN_UNREACHABLE_CODE = YES;
				CLANG_WARN__DUPLICATE_METHOD_MATCH = YES;
				CODE_SIGN_STYLE = Automatic;
				COPY_PHASE_STRIP = NO;
				DEBUG_INFORMATION_FORMAT = "dwarf-with-dsym";
				ENABLE_NS_ASSERTIONS = NO;
				ENABLE_STRICT_OBJC_MSGSEND = YES;
				ENABLE_USER_SCRIPT_SANDBOXING = YES;
				GCC_C_LANGUAGE_STANDARD = gnu11;
				GCC_NO_COMMON_BLOCKS = YES;
				GCC_WARN_64_TO_32_BIT_CONVERSION = YES;
				GCC_WARN_ABOUT_RETURN_TYPE = YES_ERROR;
				GCC_WARN_UNDECLARED_SELECTOR = YES;
				GCC_WARN_UNINITIALIZED_AUTOS = YES_AGGRESSIVE;
				GCC_WARN_UNUSED_FUNCTION = YES;
				GCC_WARN_UNUSED_VARIABLE = YES;
				IPHONEOS_DEPLOYMENT_TARGET = 17.0;
				MTL_ENABLE_DEBUG_INFO = NO;
				MTL_FAST_MATH = YES;
				PRODUCT_NAME = "$(TARGET_NAME)";
				SDKROOT = iphoneos;
				SWIFT_COMPILATION_MODE = wholemodule;
				SWIFT_OPTIMIZATION_LEVEL = "-O";
				SWIFT_STRICT_CONCURRENCY = minimal;
				SWIFT_VERSION = 5.0;
			};
			name = Release;
		};
		DB3F8091B58F3B91266008B1 /* Release */ = {
			isa = XCBuildConfiguration;
			buildSettings = {
				ASSETCATALOG_COMPILER_APPICON_NAME = AppIcon;
				CODE_SIGN_IDENTITY = "iPhone Developer";
				CURRENT_PROJECT_VERSION = 1;
				DEVELOPMENT_TEAM = 3D8X943476;
				INFOPLIST_FILE = SadhyaScanner/Info.plist;
				INFOPLIST_KEY_UIUserInterfaceStyle = Dark;
				LD_RUNPATH_SEARCH_PATHS = (
					"$(inherited)",
					"@executable_path/Frameworks",
				);
				MARKETING_VERSION = 1.0;
				PRODUCT_BUNDLE_IDENTIFIER = com.scvsarigama.sadhyascanner;
				PRODUCT_NAME = "Sadhya Scanner";
				SDKROOT = iphoneos;
				TARGETED_DEVICE_FAMILY = 2;
			};
			name = Release;
		};
/* End XCBuildConfiguration section */

/* Begin XCConfigurationList section */
		29ABE9A9FE8D5EFE1C1D8CF3 /* Build configuration list for PBXNativeTarget "SadhyaScanner" */ = {
			isa = XCConfigurationList;
			buildConfigurations = (
				78130B782B0CAF30D3E25D42 /* Debug */,
				DB3F8091B58F3B91266008B1 /* Release */,
			);
			defaultConfigurationIsVisible = 0;
			defaultConfigurationName = Debug;
		};
		BB276ADCCB19BC390A23D349 /* Build configuration list for PBXProject "SadhyaScanner" */ = {
			isa = XCConfigurationList;
			buildConfigurations = (
				3597146618C900FBE67E8CF4 /* Debug */,
				D3FB027F09B6761FC406DD2B /* Release */,
			);
			defaultConfigurationIsVisible = 0;
			defaultConfigurationName = Debug;
		};
/* End XCConfigurationList section */
	};
	rootObject = 825D27AC7B80A7BA348B06DD /* Project object */;
}
